
Microsoft Visual Studio Solution File, Format Version 12.00
# Visual Studio Version 17
VisualStudioVersion = 17.11.35312.102
MinimumVisualStudioVersion = 10.0.40219.1
Project("{FAE04EC0-301F-11D3-BF4B-00C04F79EFBC}") = "ConsoleApp1", "ConsoleApp1.csproj", "{043BDE0C-8BEB-43DA-B4E7-A711567ED427}"
EndProject
Project("{FAE04EC0-301F-11D3-BF4B-00C04F79EFBC}") = "ConsoleApp2", "..\ConsoleApp2\ConsoleApp2.csproj", "{D900A6E8-9DAF-4AD0-B177-3FDF4E87BCC6}"
EndProject
Project("{FAE04EC0-301F-11D3-BF4B-00C04F79EFBC}") = "ConsoleApp3", "..\ConsoleApp3\ConsoleApp3.csproj", "{F8EE3108-003F-4480-9854-1AE32F4B3743}"
EndProject
Project("{FAE04EC0-301F-11D3-BF4B-00C04F79EFBC}") = "ConsoleApp4", "..\ConsoleApp4\ConsoleApp4.csproj", "{A5C0BD6B-E57F-42F5-832B-375254A51411}"
EndProject
Global
	GlobalSection(SolutionConfigurationPlatforms) = preSolution
		Debug|Any CPU = Debug|Any CPU
		Release|Any CPU = Release|Any CPU
	EndGlobalSection
	GlobalSection(ProjectConfigurationPlatforms) = postSolution
		{043BDE0C-8BEB-43DA-B4E7-A711567ED427}.Debug|Any CPU.ActiveCfg = Debug|Any CPU
		{043BDE0C-8BEB-43DA-B4E7-A711567ED427}.Debug|Any CPU.Build.0 = Debug|Any CPU
		{043BDE0C-8BEB-43DA-B4E7-A711567ED427}.Release|Any CPU.ActiveCfg = Release|Any CPU
		{043BDE0C-8BEB-43DA-B4E7-A711567ED427}.Release|Any CPU.Build.0 = Release|Any CPU
		{D900A6E8-9DAF-4AD0-B177-3FDF4E87BCC6}.Debug|Any CPU.ActiveCfg = Debug|Any CPU
		{D900A6E8-9DAF-4AD0-B177-3FDF4E87BCC6}.Debug|Any CPU.Build.0 = Debug|Any CPU
		{D900A6E8-9DAF-4AD0-B177-3FDF4E87BCC6}.Release|Any CPU.ActiveCfg = Release|Any CPU
		{D900A6E8-9DAF-4AD0-B177-3FDF4E87BCC6}.Release|Any CPU.Build.0 = Release|Any CPU
		{F8EE3108-003F-4480-9854-1AE32F4B3743}.Debug|Any CPU.ActiveCfg = Debug|Any CPU
		{F8EE3108-003F-4480-9854-1AE32F4B3743}.Debug|Any CPU.Build.0 = Debug|Any CPU
		{F8EE3108-003F-4480-9854-1AE32F4B3743}.Release|Any CPU.ActiveCfg = Release|Any CPU
		{F8EE3108-003F-4480-9854-1AE32F4B3743}.Release|Any CPU.Build.0 = Release|Any CPU
		{A5C0BD6B-E57F-42F5-832B-375254A51411}.Debug|Any CPU.ActiveCfg = Debug|Any CPU
		{A5C0BD6B-E57F-42F5-832B-375254A51411}.Debug|Any CPU.Build.0 = Debug|Any CPU
		{A5C0BD6B-E57F-42F5-832B-375254A51411}.Release|Any CPU.ActiveCfg = Release|Any CPU
		{A5C0BD6B-E57F-42F5-832B-375254A51411}.Release|Any CPU.Build.0 = Release|Any CPU
	EndGlobalSection
	GlobalSection(SolutionProperties) = preSolution
		HideSolutionNode = FALSE
	EndGlobalSection
	GlobalSection(ExtensibilityGlobals) = postSolution
		SolutionGuid = {E21ED898-0C48-4A3B-8346-F795F2CFCCC8}
	EndGlobalSection
EndGlobal
