
Microsoft Visual Studio Solution File, Format Version 12.00
# Visual Studio Version 17
VisualStudioVersion = 17.11.35312.102
MinimumVisualStudioVersion = 10.0.40219.1
Project("{FAE04EC0-301F-11D3-BF4B-00C04F79EFBC}") = "ConsoleApp1", "ConsoleApp1.csproj", "{C66AD91F-F414-49D9-A28E-62B0D4816B73}"
EndProject
Project("{FAE04EC0-301F-11D3-BF4B-00C04F79EFBC}") = "ConsoleApp2", "..\ConsoleApp2\ConsoleApp2.csproj", "{91DB6613-897E-4F7D-A3F4-5624FD763368}"
EndProject
Project("{FAE04EC0-301F-11D3-BF4B-00C04F79EFBC}") = "ConsoleApp3", "..\ConsoleApp3\ConsoleApp3.csproj", "{3DE92935-1D57-418C-8138-F9CF8E69FE24}"
EndProject
Project("{FAE04EC0-301F-11D3-BF4B-00C04F79EFBC}") = "ConsoleApp4", "..\ConsoleApp4\ConsoleApp4.csproj", "{5A94F337-001A-484D-BD9B-D89D246D1073}"
EndProject
Global
	GlobalSection(SolutionConfigurationPlatforms) = preSolution
		Debug|Any CPU = Debug|Any CPU
		Release|Any CPU = Release|Any CPU
	EndGlobalSection
	GlobalSection(ProjectConfigurationPlatforms) = postSolution
		{C66AD91F-F414-49D9-A28E-62B0D4816B73}.Debug|Any CPU.ActiveCfg = Debug|Any CPU
		{C66AD91F-F414-49D9-A28E-62B0D4816B73}.Debug|Any CPU.Build.0 = Debug|Any CPU
		{C66AD91F-F414-49D9-A28E-62B0D4816B73}.Release|Any CPU.ActiveCfg = Release|Any CPU
		{C66AD91F-F414-49D9-A28E-62B0D4816B73}.Release|Any CPU.Build.0 = Release|Any CPU
		{91DB6613-897E-4F7D-A3F4-5624FD763368}.Debug|Any CPU.ActiveCfg = Debug|Any CPU
		{91DB6613-897E-4F7D-A3F4-5624FD763368}.Debug|Any CPU.Build.0 = Debug|Any CPU
		{91DB6613-897E-4F7D-A3F4-5624FD763368}.Release|Any CPU.ActiveCfg = Release|Any CPU
		{91DB6613-897E-4F7D-A3F4-5624FD763368}.Release|Any CPU.Build.0 = Release|Any CPU
		{3DE92935-1D57-418C-8138-F9CF8E69FE24}.Debug|Any CPU.ActiveCfg = Debug|Any CPU
		{3DE92935-1D57-418C-8138-F9CF8E69FE24}.Debug|Any CPU.Build.0 = Debug|Any CPU
		{3DE92935-1D57-418C-8138-F9CF8E69FE24}.Release|Any CPU.ActiveCfg = Release|Any CPU
		{3DE92935-1D57-418C-8138-F9CF8E69FE24}.Release|Any CPU.Build.0 = Release|Any CPU
		{5A94F337-001A-484D-BD9B-D89D246D1073}.Debug|Any CPU.ActiveCfg = Debug|Any CPU
		{5A94F337-001A-484D-BD9B-D89D246D1073}.Debug|Any CPU.Build.0 = Debug|Any CPU
		{5A94F337-001A-484D-BD9B-D89D246D1073}.Release|Any CPU.ActiveCfg = Release|Any CPU
		{5A94F337-001A-484D-BD9B-D89D246D1073}.Release|Any CPU.Build.0 = Release|Any CPU
	EndGlobalSection
	GlobalSection(SolutionProperties) = preSolution
		HideSolutionNode = FALSE
	EndGlobalSection
	GlobalSection(ExtensibilityGlobals) = postSolution
		SolutionGuid = {E4A2D23A-BF6E-40B5-A6E8-966B71993759}
	EndGlobalSection
EndGlobal
