
Microsoft Visual Studio Solution File, Format Version 12.00
# Visual Studio Version 17
VisualStudioVersion = 17.11.35312.102
MinimumVisualStudioVersion = 10.0.40219.1
Project("{FAE04EC0-301F-11D3-BF4B-00C04F79EFBC}") = "ConsoleApp1", "ConsoleApp1.csproj", "{2ED38C74-609F-4234-9EDC-EA005B7157D7}"
EndProject
Project("{FAE04EC0-301F-11D3-BF4B-00C04F79EFBC}") = "ConsoleApp2", "..\ConsoleApp2\ConsoleApp2.csproj", "{C942D974-364D-4B00-A32F-8D4C6A205DEE}"
EndProject
Project("{FAE04EC0-301F-11D3-BF4B-00C04F79EFBC}") = "ConsoleApp3", "..\ConsoleApp3\ConsoleApp3.csproj", "{94DD17E3-BDAE-4BF7-8685-988F0CAE2504}"
EndProject
Project("{FAE04EC0-301F-11D3-BF4B-00C04F79EFBC}") = "ConsoleApp4", "..\ConsoleApp4\ConsoleApp4.csproj", "{416D8E05-1747-46A2-8055-9252E1CCB1F1}"
EndProject
Global
	GlobalSection(SolutionConfigurationPlatforms) = preSolution
		Debug|Any CPU = Debug|Any CPU
		Release|Any CPU = Release|Any CPU
	EndGlobalSection
	GlobalSection(ProjectConfigurationPlatforms) = postSolution
		{2ED38C74-609F-4234-9EDC-EA005B7157D7}.Debug|Any CPU.ActiveCfg = Debug|Any CPU
		{2ED38C74-609F-4234-9EDC-EA005B7157D7}.Debug|Any CPU.Build.0 = Debug|Any CPU
		{2ED38C74-609F-4234-9EDC-EA005B7157D7}.Release|Any CPU.ActiveCfg = Release|Any CPU
		{2ED38C74-609F-4234-9EDC-EA005B7157D7}.Release|Any CPU.Build.0 = Release|Any CPU
		{C942D974-364D-4B00-A32F-8D4C6A205DEE}.Debug|Any CPU.ActiveCfg = Debug|Any CPU
		{C942D974-364D-4B00-A32F-8D4C6A205DEE}.Debug|Any CPU.Build.0 = Debug|Any CPU
		{C942D974-364D-4B00-A32F-8D4C6A205DEE}.Release|Any CPU.ActiveCfg = Release|Any CPU
		{C942D974-364D-4B00-A32F-8D4C6A205DEE}.Release|Any CPU.Build.0 = Release|Any CPU
		{94DD17E3-BDAE-4BF7-8685-988F0CAE2504}.Debug|Any CPU.ActiveCfg = Debug|Any CPU
		{94DD17E3-BDAE-4BF7-8685-988F0CAE2504}.Debug|Any CPU.Build.0 = Debug|Any CPU
		{94DD17E3-BDAE-4BF7-8685-988F0CAE2504}.Release|Any CPU.ActiveCfg = Release|Any CPU
		{94DD17E3-BDAE-4BF7-8685-988F0CAE2504}.Release|Any CPU.Build.0 = Release|Any CPU
		{416D8E05-1747-46A2-8055-9252E1CCB1F1}.Debug|Any CPU.ActiveCfg = Debug|Any CPU
		{416D8E05-1747-46A2-8055-9252E1CCB1F1}.Debug|Any CPU.Build.0 = Debug|Any CPU
		{416D8E05-1747-46A2-8055-9252E1CCB1F1}.Release|Any CPU.ActiveCfg = Release|Any CPU
		{416D8E05-1747-46A2-8055-9252E1CCB1F1}.Release|Any CPU.Build.0 = Release|Any CPU
	EndGlobalSection
	GlobalSection(SolutionProperties) = preSolution
		HideSolutionNode = FALSE
	EndGlobalSection
	GlobalSection(ExtensibilityGlobals) = postSolution
		SolutionGuid = {C0D201B5-B313-429E-923D-56A467CF99AC}
	EndGlobalSection
EndGlobal
