
Microsoft Visual Studio Solution File, Format Version 12.00
# Visual Studio Version 17
VisualStudioVersion = 17.11.35312.102
MinimumVisualStudioVersion = 10.0.40219.1
Project("{FAE04EC0-301F-11D3-BF4B-00C04F79EFBC}") = "ConsoleApp1", "ConsoleApp1.csproj", "{CFEE7CD6-4967-4C1F-9B68-535CC0FBF79E}"
EndProject
Project("{FAE04EC0-301F-11D3-BF4B-00C04F79EFBC}") = "Triangle", "..\Triangle\Triangle.csproj", "{8597A60A-E0D1-4E5C-BEDF-74AEB5CAE57C}"
EndProject
Project("{FAE04EC0-301F-11D3-BF4B-00C04F79EFBC}") = "Rectangle", "..\Rectangle\Rectangle.csproj", "{4006E0EB-4170-4663-8B36-C1B07F545370}"
EndProject
Project("{FAE04EC0-301F-11D3-BF4B-00C04F79EFBC}") = "ConsoleApp2", "..\ConsoleApp2\ConsoleApp2.csproj", "{C0A186F3-7585-4BF3-945C-3C556EBE5974}"
EndProject
Project("{FAE04EC0-301F-11D3-BF4B-00C04F79EFBC}") = "WashingMachine", "..\WashingMachine\WashingMachine.csproj", "{C434C2B7-CE4E-471A-8409-CE9967867BE6}"
EndProject
Global
	GlobalSection(SolutionConfigurationPlatforms) = preSolution
		Debug|Any CPU = Debug|Any CPU
		Release|Any CPU = Release|Any CPU
	EndGlobalSection
	GlobalSection(ProjectConfigurationPlatforms) = postSolution
		{CFEE7CD6-4967-4C1F-9B68-535CC0FBF79E}.Debug|Any CPU.ActiveCfg = Debug|Any CPU
		{CFEE7CD6-4967-4C1F-9B68-535CC0FBF79E}.Debug|Any CPU.Build.0 = Debug|Any CPU
		{CFEE7CD6-4967-4C1F-9B68-535CC0FBF79E}.Release|Any CPU.ActiveCfg = Release|Any CPU
		{CFEE7CD6-4967-4C1F-9B68-535CC0FBF79E}.Release|Any CPU.Build.0 = Release|Any CPU
		{8597A60A-E0D1-4E5C-BEDF-74AEB5CAE57C}.Debug|Any CPU.ActiveCfg = Debug|Any CPU
		{8597A60A-E0D1-4E5C-BEDF-74AEB5CAE57C}.Debug|Any CPU.Build.0 = Debug|Any CPU
		{8597A60A-E0D1-4E5C-BEDF-74AEB5CAE57C}.Release|Any CPU.ActiveCfg = Release|Any CPU
		{8597A60A-E0D1-4E5C-BEDF-74AEB5CAE57C}.Release|Any CPU.Build.0 = Release|Any CPU
		{4006E0EB-4170-4663-8B36-C1B07F545370}.Debug|Any CPU.ActiveCfg = Debug|Any CPU
		{4006E0EB-4170-4663-8B36-C1B07F545370}.Debug|Any CPU.Build.0 = Debug|Any CPU
		{4006E0EB-4170-4663-8B36-C1B07F545370}.Release|Any CPU.ActiveCfg = Release|Any CPU
		{4006E0EB-4170-4663-8B36-C1B07F545370}.Release|Any CPU.Build.0 = Release|Any CPU
		{C0A186F3-7585-4BF3-945C-3C556EBE5974}.Debug|Any CPU.ActiveCfg = Debug|Any CPU
		{C0A186F3-7585-4BF3-945C-3C556EBE5974}.Debug|Any CPU.Build.0 = Debug|Any CPU
		{C0A186F3-7585-4BF3-945C-3C556EBE5974}.Release|Any CPU.ActiveCfg = Release|Any CPU
		{C0A186F3-7585-4BF3-945C-3C556EBE5974}.Release|Any CPU.Build.0 = Release|Any CPU
		{C434C2B7-CE4E-471A-8409-CE9967867BE6}.Debug|Any CPU.ActiveCfg = Debug|Any CPU
		{C434C2B7-CE4E-471A-8409-CE9967867BE6}.Debug|Any CPU.Build.0 = Debug|Any CPU
		{C434C2B7-CE4E-471A-8409-CE9967867BE6}.Release|Any CPU.ActiveCfg = Release|Any CPU
		{C434C2B7-CE4E-471A-8409-CE9967867BE6}.Release|Any CPU.Build.0 = Release|Any CPU
	EndGlobalSection
	GlobalSection(SolutionProperties) = preSolution
		HideSolutionNode = FALSE
	EndGlobalSection
	GlobalSection(ExtensibilityGlobals) = postSolution
		SolutionGuid = {6B34E919-0E93-42E0-B911-E6D96AD1477C}
	EndGlobalSection
EndGlobal
