
Microsoft Visual Studio Solution File, Format Version 12.00
# Visual Studio Version 17
VisualStudioVersion = 17.11.35312.102
MinimumVisualStudioVersion = 10.0.40219.1
Project("{FAE04EC0-301F-11D3-BF4B-00C04F79EFBC}") = "ConsoleApp3", "ConsoleApp3.csproj", "{36D7143D-445C-4D03-8C66-4A6A31BDBE2D}"
EndProject
Global
	GlobalSection(SolutionConfigurationPlatforms) = preSolution
		Debug|Any CPU = Debug|Any CPU
		Release|Any CPU = Release|Any CPU
	EndGlobalSection
	GlobalSection(ProjectConfigurationPlatforms) = postSolution
		{36D7143D-445C-4D03-8C66-4A6A31BDBE2D}.Debug|Any CPU.ActiveCfg = Debug|Any CPU
		{36D7143D-445C-4D03-8C66-4A6A31BDBE2D}.Debug|Any CPU.Build.0 = Debug|Any CPU
		{36D7143D-445C-4D03-8C66-4A6A31BDBE2D}.Release|Any CPU.ActiveCfg = Release|Any CPU
		{36D7143D-445C-4D03-8C66-4A6A31BDBE2D}.Release|Any CPU.Build.0 = Release|Any CPU
	EndGlobalSection
	GlobalSection(SolutionProperties) = preSolution
		HideSolutionNode = FALSE
	EndGlobalSection
	GlobalSection(ExtensibilityGlobals) = postSolution
		SolutionGuid = {F2D4A575-4314-453F-A9EB-1BB7C8780AA6}
	EndGlobalSection
EndGlobal
