
Microsoft Visual Studio Solution File, Format Version 12.00
# Visual Studio Version 17
VisualStudioVersion = 17.11.35312.102
MinimumVisualStudioVersion = 10.0.40219.1
Project("{FAE04EC0-301F-11D3-BF4B-00C04F79EFBC}") = "ConsoleApp1", "ConsoleApp1.csproj", "{EB5F9855-08BB-4FB9-8A80-B97DA114C64D}"
EndProject
Global
	GlobalSection(SolutionConfigurationPlatforms) = preSolution
		Debug|Any CPU = Debug|Any CPU
		Release|Any CPU = Release|Any CPU
	EndGlobalSection
	GlobalSection(ProjectConfigurationPlatforms) = postSolution
		{EB5F9855-08BB-4FB9-8A80-B97DA114C64D}.Debug|Any CPU.ActiveCfg = Debug|Any CPU
		{EB5F9855-08BB-4FB9-8A80-B97DA114C64D}.Debug|Any CPU.Build.0 = Debug|Any CPU
		{EB5F9855-08BB-4FB9-8A80-B97DA114C64D}.Release|Any CPU.ActiveCfg = Release|Any CPU
		{EB5F9855-08BB-4FB9-8A80-B97DA114C64D}.Release|Any CPU.Build.0 = Release|Any CPU
	EndGlobalSection
	GlobalSection(SolutionProperties) = preSolution
		HideSolutionNode = FALSE
	EndGlobalSection
	GlobalSection(ExtensibilityGlobals) = postSolution
		SolutionGuid = {B8486C1B-F7B1-4745-9E73-BF0CE2E25EDE}
	EndGlobalSection
EndGlobal
